
Microsoft Visual Studio Solution File, Format Version 12.00
# Visual Studio Version 17
VisualStudioVersion = 17.4.33103.184
MinimumVisualStudioVersion = 10.0.40219.1
Project("{FAE04EC0-301F-11D3-BF4B-00C04F79EFBC}") = "IWantApp", "IWantApp.csproj", "{1440FB6F-E758-44E3-82F7-17CC1C165B80}"
EndProject
Global
	GlobalSection(SolutionConfigurationPlatforms) = preSolution
		Debug|Any CPU = Debug|Any CPU
		Release|Any CPU = Release|Any CPU
	EndGlobalSection
	GlobalSection(ProjectConfigurationPlatforms) = postSolution
		{1440FB6F-E758-44E3-82F7-17CC1C165B80}.Debug|Any CPU.ActiveCfg = Debug|Any CPU
		{1440FB6F-E758-44E3-82F7-17CC1C165B80}.Debug|Any CPU.Build.0 = Debug|Any CPU
		{1440FB6F-E758-44E3-82F7-17CC1C165B80}.Release|Any CPU.ActiveCfg = Release|Any CPU
		{1440FB6F-E758-44E3-82F7-17CC1C165B80}.Release|Any CPU.Build.0 = Release|Any CPU
	EndGlobalSection
	GlobalSection(SolutionProperties) = preSolution
		HideSolutionNode = FALSE
	EndGlobalSection
	GlobalSection(ExtensibilityGlobals) = postSolution
		SolutionGuid = {F80BB769-6097-45F7-8944-4EA14157FA00}
	EndGlobalSection
EndGlobal
